
Microsoft Visual Studio Solution File, Format Version 11.00
# Visual Studio 2010
Project("{FAE04EC0-301F-11D3-BF4B-00C04F79EFBC}") = "Assembly-CSharp", "Assembly-CSharp.csproj", "{96A24ACE-B290-D768-7868-5F4CA44ACF95}"
EndProject
Project("{FAE04EC0-301F-11D3-BF4B-00C04F79EFBC}") = "Assembly-CSharp-Editor", "Assembly-CSharp-Editor.csproj", "{5CF4B55A-4ED8-9468-F152-5B2DE2474A43}"
EndProject
Global
	GlobalSection(SolutionConfigurationPlatforms) = preSolution
		Debug|Any CPU = Debug|Any CPU
		Release|Any CPU = Release|Any CPU
	EndGlobalSection
	GlobalSection(ProjectConfigurationPlatforms) = postSolution
		{96A24ACE-B290-D768-7868-5F4CA44ACF95}.Debug|Any CPU.ActiveCfg = Debug|Any CPU
		{96A24ACE-B290-D768-7868-5F4CA44ACF95}.Debug|Any CPU.Build.0 = Debug|Any CPU
		{96A24ACE-B290-D768-7868-5F4CA44ACF95}.Release|Any CPU.ActiveCfg = Release|Any CPU
		{96A24ACE-B290-D768-7868-5F4CA44ACF95}.Release|Any CPU.Build.0 = Release|Any CPU
		{5CF4B55A-4ED8-9468-F152-5B2DE2474A43}.Debug|Any CPU.ActiveCfg = Debug|Any CPU
		{5CF4B55A-4ED8-9468-F152-5B2DE2474A43}.Debug|Any CPU.Build.0 = Debug|Any CPU
		{5CF4B55A-4ED8-9468-F152-5B2DE2474A43}.Release|Any CPU.ActiveCfg = Release|Any CPU
		{5CF4B55A-4ED8-9468-F152-5B2DE2474A43}.Release|Any CPU.Build.0 = Release|Any CPU
	EndGlobalSection
	GlobalSection(SolutionProperties) = preSolution
		HideSolutionNode = FALSE
	EndGlobalSection
EndGlobal
